// !$*UTF8*$!
{
	archiveVersion = 1;
	classes = {
	};
	objectVersion = 51;
	objects = {

/* Begin PBXBuildFile section */
		139C6B90B5B751CC97D067AE /* Pods_MusicApp.framework in Frameworks */ = {isa = PBXBuildFile; fileRef = 3B60B811280E869103585F4D /* Pods_MusicApp.framework */; };
		A3C06DEC2617A64200F2BB2F /* MusicAppApp.swift in Sources */ = {isa = PBXBuildFile; fileRef = A3C06DEB2617A64200F2BB2F /* MusicAppApp.swift */; };
		A3C06DEE2617A64200F2BB2F /* ContentView.swift in Sources */ = {isa = PBXBuildFile; fileRef = A3C06DED2617A64200F2BB2F /* ContentView.swift */; };
		A3C06DF02617A64600F2BB2F /* Assets.xcassets in Resources */ = {isa = PBXBuildFile; fileRef = A3C06DEF2617A64600F2BB2F /* Assets.xcassets */; };
		A3C06DF32617A64600F2BB2F /* Preview Assets.xcassets in Resources */ = {isa = PBXBuildFile; fileRef = A3C06DF22617A64600F2BB2F /* Preview Assets.xcassets */; };
		A3C06DFE2617A64700F2BB2F /* MusicAppTests.swift in Sources */ = {isa = PBXBuildFile; fileRef = A3C06DFD2617A64700F2BB2F /* MusicAppTests.swift */; };
		A3C06E092617A64700F2BB2F /* MusicAppUITests.swift in Sources */ = {isa = PBXBuildFile; fileRef = A3C06E082617A64700F2BB2F /* MusicAppUITests.swift */; };
		A3C06E1A2617E4B100F2BB2F /* BlurEffect.swift in Sources */ = {isa = PBXBuildFile; fileRef = A3C06E192617E4B100F2BB2F /* BlurEffect.swift */; };
		A3C06E1F2617F67A00F2BB2F /* PlayerView.swift in Sources */ = {isa = PBXBuildFile; fileRef = A3C06E1E2617F67A00F2BB2F /* PlayerView.swift */; };
		A3C06E272618143500F2BB2F /* GoogleService-Info.plist in Resources */ = {isa = PBXBuildFile; fileRef = A3C06E262618143500F2BB2F /* GoogleService-Info.plist */; };
		A3C06E5B2618229B00F2BB2F /* Data.swift in Sources */ = {isa = PBXBuildFile; fileRef = A3C06E5A2618229B00F2BB2F /* Data.swift */; };
		BE0DDFA77751B3C6A9FA02B5 /* Pods_MusicApp_MusicAppUITests.framework in Frameworks */ = {isa = PBXBuildFile; fileRef = 08B5656A218A55A2A33E7632 /* Pods_MusicApp_MusicAppUITests.framework */; };
		F6B4255481023F9E39165E25 /* Pods_MusicAppTests.framework in Frameworks */ = {isa = PBXBuildFile; fileRef = 962B94ED402AF013F7B91171 /* Pods_MusicAppTests.framework */; };
/* End PBXBuildFile section */

/* Begin PBXContainerItemProxy section */
		A3C06DFA2617A64700F2BB2F /* PBXContainerItemProxy */ = {
			isa = PBXContainerItemProxy;
			containerPortal = A3C06DE02617A64200F2BB2F /* Project object */;
			proxyType = 1;
			remoteGlobalIDString = A3C06DE72617A64200F2BB2F;
			remoteInfo = MusicApp;
		};
		A3C06E052617A64700F2BB2F /* PBXContainerItemProxy */ = {
			isa = PBXContainerItemProxy;
			containerPortal = A3C06DE02617A64200F2BB2F /* Project object */;
			proxyType = 1;
			remoteGlobalIDString = A3C06DE72617A64200F2BB2F;
			remoteInfo = MusicApp;
		};
/* End PBXContainerItemProxy section */

/* Begin PBXFileReference section */
		08B5656A218A55A2A33E7632 /* Pods_MusicApp_MusicAppUITests.framework */ = {isa = PBXFileReference; explicitFileType = wrapper.framework; includeInIndex = 0; path = Pods_MusicApp_MusicAppUITests.framework; sourceTree = BUILT_PRODUCTS_DIR; };
		16CB4B65DD1B25C64394850A /* Pods-MusicApp.debug.xcconfig */ = {isa = PBXFileReference; includeInIndex = 1; lastKnownFileType = text.xcconfig; name = "Pods-MusicApp.debug.xcconfig"; path = "Target Support Files/Pods-MusicApp/Pods-MusicApp.debug.xcconfig"; sourceTree = "<group>"; };
		1CDBE92DE4A0B6B89C51E508 /* Pods-MusicAppTests.release.xcconfig */ = {isa = PBXFileReference; includeInIndex = 1; lastKnownFileType = text.xcconfig; name = "Pods-MusicAppTests.release.xcconfig"; path = "Target Support Files/Pods-MusicAppTests/Pods-MusicAppTests.release.xcconfig"; sourceTree = "<group>"; };
		2A6614CC50E7E1E3239D6E5B /* Pods-MusicApp-MusicAppUITests.release.xcconfig */ = {isa = PBXFileReference; includeInIndex = 1; lastKnownFileType = text.xcconfig; name = "Pods-MusicApp-MusicAppUITests.release.xcconfig"; path = "Target Support Files/Pods-MusicApp-MusicAppUITests/Pods-MusicApp-MusicAppUITests.release.xcconfig"; sourceTree = "<group>"; };
		3B60B811280E869103585F4D /* Pods_MusicApp.framework */ = {isa = PBXFileReference; explicitFileType = wrapper.framework; includeInIndex = 0; path = Pods_MusicApp.framework; sourceTree = BUILT_PRODUCTS_DIR; };
		5C19E87FBBB769993C6E8217 /* Pods-MusicApp.release.xcconfig */ = {isa = PBXFileReference; includeInIndex = 1; lastKnownFileType = text.xcconfig; name = "Pods-MusicApp.release.xcconfig"; path = "Target Support Files/Pods-MusicApp/Pods-MusicApp.release.xcconfig"; sourceTree = "<group>"; };
		962B94ED402AF013F7B91171 /* Pods_MusicAppTests.framework */ = {isa = PBXFileReference; explicitFileType = wrapper.framework; includeInIndex = 0; path = Pods_MusicAppTests.framework; sourceTree = BUILT_PRODUCTS_DIR; };
		A3C06DE82617A64200F2BB2F /* MusicApp.app */ = {isa = PBXFileReference; explicitFileType = wrapper.application; includeInIndex = 0; path = MusicApp.app; sourceTree = BUILT_PRODUCTS_DIR; };
		A3C06DEB2617A64200F2BB2F /* MusicAppApp.swift */ = {isa = PBXFileReference; lastKnownFileType = sourcecode.swift; path = MusicAppApp.swift; sourceTree = "<group>"; };
		A3C06DED2617A64200F2BB2F /* ContentView.swift */ = {isa = PBXFileReference; lastKnownFileType = sourcecode.swift; path = ContentView.swift; sourceTree = "<group>"; };
		A3C06DEF2617A64600F2BB2F /* Assets.xcassets */ = {isa = PBXFileReference; lastKnownFileType = folder.assetcatalog; path = Assets.xcassets; sourceTree = "<group>"; };
		A3C06DF22617A64600F2BB2F /* Preview Assets.xcassets */ = {isa = PBXFileReference; lastKnownFileType = folder.assetcatalog; path = "Preview Assets.xcassets"; sourceTree = "<group>"; };
		A3C06DF42617A64600F2BB2F /* Info.plist */ = {isa = PBXFileReference; lastKnownFileType = text.plist.xml; path = Info.plist; sourceTree = "<group>"; };
		A3C06DF92617A64700F2BB2F /* MusicAppTests.xctest */ = {isa = PBXFileReference; explicitFileType = wrapper.cfbundle; includeInIndex = 0; path = MusicAppTests.xctest; sourceTree = BUILT_PRODUCTS_DIR; };
		A3C06DFD2617A64700F2BB2F /* MusicAppTests.swift */ = {isa = PBXFileReference; lastKnownFileType = sourcecode.swift; path = MusicAppTests.swift; sourceTree = "<group>"; };
		A3C06DFF2617A64700F2BB2F /* Info.plist */ = {isa = PBXFileReference; lastKnownFileType = text.plist.xml; path = Info.plist; sourceTree = "<group>"; };
		A3C06E042617A64700F2BB2F /* MusicAppUITests.xctest */ = {isa = PBXFileReference; explicitFileType = wrapper.cfbundle; includeInIndex = 0; path = MusicAppUITests.xctest; sourceTree = BUILT_PRODUCTS_DIR; };
		A3C06E082617A64700F2BB2F /* MusicAppUITests.swift */ = {isa = PBXFileReference; lastKnownFileType = sourcecode.swift; path = MusicAppUITests.swift; sourceTree = "<group>"; };
		A3C06E0A2617A64700F2BB2F /* Info.plist */ = {isa = PBXFileReference; lastKnownFileType = text.plist.xml; path = Info.plist; sourceTree = "<group>"; };
		A3C06E192617E4B100F2BB2F /* BlurEffect.swift */ = {isa = PBXFileReference; lastKnownFileType = sourcecode.swift; path = BlurEffect.swift; sourceTree = "<group>"; };
		A3C06E1E2617F67A00F2BB2F /* PlayerView.swift */ = {isa = PBXFileReference; lastKnownFileType = sourcecode.swift; path = PlayerView.swift; sourceTree = "<group>"; };
		A3C06E262618143500F2BB2F /* GoogleService-Info.plist */ = {isa = PBXFileReference; fileEncoding = 4; lastKnownFileType = text.plist.xml; name = "GoogleService-Info.plist"; path = "../../../Downloads/GoogleService-Info.plist"; sourceTree = "<group>"; };
		A3C06E5A2618229B00F2BB2F /* Data.swift */ = {isa = PBXFileReference; lastKnownFileType = sourcecode.swift; path = Data.swift; sourceTree = "<group>"; };
		F962E51320EBF3B6505ABA1B /* Pods-MusicAppTests.debug.xcconfig */ = {isa = PBXFileReference; includeInIndex = 1; lastKnownFileType = text.xcconfig; name = "Pods-MusicAppTests.debug.xcconfig"; path = "Target Support Files/Pods-MusicAppTests/Pods-MusicAppTests.debug.xcconfig"; sourceTree = "<group>"; };
		FC54DD56D7AA77383068271F /* Pods-MusicApp-MusicAppUITests.debug.xcconfig */ = {isa = PBXFileReference; includeInIndex = 1; lastKnownFileType = text.xcconfig; name = "Pods-MusicApp-MusicAppUITests.debug.xcconfig"; path = "Target Support Files/Pods-MusicApp-MusicAppUITests/Pods-MusicApp-MusicAppUITests.debug.xcconfig"; sourceTree = "<group>"; };
/* End PBXFileReference section */

/* Begin PBXFrameworksBuildPhase section */
		A3C06DE52617A64200F2BB2F /* Frameworks */ = {
			isa = PBXFrameworksBuildPhase;
			buildActionMask = 2147483647;
			files = (
				139C6B90B5B751CC97D067AE /* Pods_MusicApp.framework in Frameworks */,
			);
			runOnlyForDeploymentPostprocessing = 0;
		};
		A3C06DF62617A64700F2BB2F /* Frameworks */ = {
			isa = PBXFrameworksBuildPhase;
			buildActionMask = 2147483647;
			files = (
				F6B4255481023F9E39165E25 /* Pods_MusicAppTests.framework in Frameworks */,
			);
			runOnlyForDeploymentPostprocessing = 0;
		};
		A3C06E012617A64700F2BB2F /* Frameworks */ = {
			isa = PBXFrameworksBuildPhase;
			buildActionMask = 2147483647;
			files = (
				BE0DDFA77751B3C6A9FA02B5 /* Pods_MusicApp_MusicAppUITests.framework in Frameworks */,
			);
			runOnlyForDeploymentPostprocessing = 0;
		};
/* End PBXFrameworksBuildPhase section */

/* Begin PBXGroup section */
		9C1C624D902AAE855A1890BE /* Frameworks */ = {
			isa = PBXGroup;
			children = (
				3B60B811280E869103585F4D /* Pods_MusicApp.framework */,
				08B5656A218A55A2A33E7632 /* Pods_MusicApp_MusicAppUITests.framework */,
				962B94ED402AF013F7B91171 /* Pods_MusicAppTests.framework */,
			);
			name = Frameworks;
			sourceTree = "<group>";
		};
		A3C06DDF2617A64200F2BB2F = {
			isa = PBXGroup;
			children = (
				A3C06DEA2617A64200F2BB2F /* MusicApp */,
				A3C06DFC2617A64700F2BB2F /* MusicAppTests */,
				A3C06E072617A64700F2BB2F /* MusicAppUITests */,
				A3C06DE92617A64200F2BB2F /* Products */,
				C2CBE21C6858A605AE644F30 /* Pods */,
				9C1C624D902AAE855A1890BE /* Frameworks */,
			);
			sourceTree = "<group>";
		};
		A3C06DE92617A64200F2BB2F /* Products */ = {
			isa = PBXGroup;
			children = (
				A3C06DE82617A64200F2BB2F /* MusicApp.app */,
				A3C06DF92617A64700F2BB2F /* MusicAppTests.xctest */,
				A3C06E042617A64700F2BB2F /* MusicAppUITests.xctest */,
			);
			name = Products;
			sourceTree = "<group>";
		};
		A3C06DEA2617A64200F2BB2F /* MusicApp */ = {
			isa = PBXGroup;
			children = (
				A3C06E262618143500F2BB2F /* GoogleService-Info.plist */,
				A3C06DEB2617A64200F2BB2F /* MusicAppApp.swift */,
				A3C06DED2617A64200F2BB2F /* ContentView.swift */,
				A3C06E5A2618229B00F2BB2F /* Data.swift */,
				A3C06E1E2617F67A00F2BB2F /* PlayerView.swift */,
				A3C06E192617E4B100F2BB2F /* BlurEffect.swift */,
				A3C06DEF2617A64600F2BB2F /* Assets.xcassets */,
				A3C06DF42617A64600F2BB2F /* Info.plist */,
				A3C06DF12617A64600F2BB2F /* Preview Content */,
			);
			path = MusicApp;
			sourceTree = "<group>";
		};
		A3C06DF12617A64600F2BB2F /* Preview Content */ = {
			isa = PBXGroup;
			children = (
				A3C06DF22617A64600F2BB2F /* Preview Assets.xcassets */,
			);
			path = "Preview Content";
			sourceTree = "<group>";
		};
		A3C06DFC2617A64700F2BB2F /* MusicAppTests */ = {
			isa = PBXGroup;
			children = (
				A3C06DFD2617A64700F2BB2F /* MusicAppTests.swift */,
				A3C06DFF2617A64700F2BB2F /* Info.plist */,
			);
			path = MusicAppTests;
			sourceTree = "<group>";
		};
		A3C06E072617A64700F2BB2F /* MusicAppUITests */ = {
			isa = PBXGroup;
			children = (
				A3C06E082617A64700F2BB2F /* MusicAppUITests.swift */,
				A3C06E0A2617A64700F2BB2F /* Info.plist */,
			);
			path = MusicAppUITests;
			sourceTree = "<group>";
		};
		C2CBE21C6858A605AE644F30 /* Pods */ = {
			isa = PBXGroup;
			children = (
				16CB4B65DD1B25C64394850A /* Pods-MusicApp.debug.xcconfig */,
				5C19E87FBBB769993C6E8217 /* Pods-MusicApp.release.xcconfig */,
				FC54DD56D7AA77383068271F /* Pods-MusicApp-MusicAppUITests.debug.xcconfig */,
				2A6614CC50E7E1E3239D6E5B /* Pods-MusicApp-MusicAppUITests.release.xcconfig */,
				F962E51320EBF3B6505ABA1B /* Pods-MusicAppTests.debug.xcconfig */,
				1CDBE92DE4A0B6B89C51E508 /* Pods-MusicAppTests.release.xcconfig */,
			);
			path = Pods;
			sourceTree = "<group>";
		};
/* End PBXGroup section */

/* Begin PBXNativeTarget section */
		A3C06DE72617A64200F2BB2F /* MusicApp */ = {
			isa = PBXNativeTarget;
			buildConfigurationList = A3C06E0D2617A64700F2BB2F /* Build configuration list for PBXNativeTarget "MusicApp" */;
			buildPhases = (
				B41C05DB4AF1FE75CCD00C1D /* [CP] Check Pods Manifest.lock */,
				A3C06DE42617A64200F2BB2F /* Sources */,
				A3C06DE52617A64200F2BB2F /* Frameworks */,
				A3C06DE62617A64200F2BB2F /* Resources */,
				0ADE5EBEB99F702797833C53 /* [CP] Embed Pods Frameworks */,
			);
			buildRules = (
			);
			dependencies = (
			);
			name = MusicApp;
			productName = MusicApp;
			productReference = A3C06DE82617A64200F2BB2F /* MusicApp.app */;
			productType = "com.apple.product-type.application";
		};
		A3C06DF82617A64700F2BB2F /* MusicAppTests */ = {
			isa = PBXNativeTarget;
			buildConfigurationList = A3C06E102617A64700F2BB2F /* Build configuration list for PBXNativeTarget "MusicAppTests" */;
			buildPhases = (
				20AC1E54555230271302BE53 /* [CP] Check Pods Manifest.lock */,
				A3C06DF52617A64700F2BB2F /* Sources */,
				A3C06DF62617A64700F2BB2F /* Frameworks */,
				A3C06DF72617A64700F2BB2F /* Resources */,
			);
			buildRules = (
			);
			dependencies = (
				A3C06DFB2617A64700F2BB2F /* PBXTargetDependency */,
			);
			name = MusicAppTests;
			productName = MusicAppTests;
			productReference = A3C06DF92617A64700F2BB2F /* MusicAppTests.xctest */;
			productType = "com.apple.product-type.bundle.unit-test";
		};
		A3C06E032617A64700F2BB2F /* MusicAppUITests */ = {
			isa = PBXNativeTarget;
			buildConfigurationList = A3C06E132617A64700F2BB2F /* Build configuration list for PBXNativeTarget "MusicAppUITests" */;
			buildPhases = (
				CA5F0A61144BB5CA7D3ACB27 /* [CP] Check Pods Manifest.lock */,
				A3C06E002617A64700F2BB2F /* Sources */,
				A3C06E012617A64700F2BB2F /* Frameworks */,
				A3C06E022617A64700F2BB2F /* Resources */,
				870CBFB8C494112D92511504 /* [CP] Embed Pods Frameworks */,
			);
			buildRules = (
			);
			dependencies = (
				A3C06E062617A64700F2BB2F /* PBXTargetDependency */,
			);
			name = MusicAppUITests;
			productName = MusicAppUITests;
			productReference = A3C06E042617A64700F2BB2F /* MusicAppUITests.xctest */;
			productType = "com.apple.product-type.bundle.ui-testing";
		};
/* End PBXNativeTarget section */

/* Begin PBXProject section */
		A3C06DE02617A64200F2BB2F /* Project object */ = {
			isa = PBXProject;
			attributes = {
				LastSwiftUpdateCheck = 1240;
				LastUpgradeCheck = 1240;
				TargetAttributes = {
					A3C06DE72617A64200F2BB2F = {
						CreatedOnToolsVersion = 12.4;
					};
					A3C06DF82617A64700F2BB2F = {
						CreatedOnToolsVersion = 12.4;
						TestTargetID = A3C06DE72617A64200F2BB2F;
					};
					A3C06E032617A64700F2BB2F = {
						CreatedOnToolsVersion = 12.4;
						TestTargetID = A3C06DE72617A64200F2BB2F;
					};
				};
			};
			buildConfigurationList = A3C06DE32617A64200F2BB2F /* Build configuration list for PBXProject "MusicApp" */;
			compatibilityVersion = "Xcode 9.3";
			developmentRegion = en;
			hasScannedForEncodings = 0;
			knownRegions = (
				en,
				Base,
			);
			mainGroup = A3C06DDF2617A64200F2BB2F;
			productRefGroup = A3C06DE92617A64200F2BB2F /* Products */;
			projectDirPath = "";
			projectRoot = "";
			targets = (
				A3C06DE72617A64200F2BB2F /* MusicApp */,
				A3C06DF82617A64700F2BB2F /* MusicAppTests */,
				A3C06E032617A64700F2BB2F /* MusicAppUITests */,
			);
		};
/* End PBXProject section */

/* Begin PBXResourcesBuildPhase section */
		A3C06DE62617A64200F2BB2F /* Resources */ = {
			isa = PBXResourcesBuildPhase;
			buildActionMask = 2147483647;
			files = (
				A3C06DF32617A64600F2BB2F /* Preview Assets.xcassets in Resources */,
				A3C06DF02617A64600F2BB2F /* Assets.xcassets in Resources */,
				A3C06E272618143500F2BB2F /* GoogleService-Info.plist in Resources */,
			);
			runOnlyForDeploymentPostprocessing = 0;
		};
		A3C06DF72617A64700F2BB2F /* Resources */ = {
			isa = PBXResourcesBuildPhase;
			buildActionMask = 2147483647;
			files = (
			);
			runOnlyForDeploymentPostprocessing = 0;
		};
		A3C06E022617A64700F2BB2F /* Resources */ = {
			isa = PBXResourcesBuildPhase;
			buildActionMask = 2147483647;
			files = (
			);
			runOnlyForDeploymentPostprocessing = 0;
		};
/* End PBXResourcesBuildPhase section */

/* Begin PBXShellScriptBuildPhase section */
		0ADE5EBEB99F702797833C53 /* [CP] Embed Pods Frameworks */ = {
			isa = PBXShellScriptBuildPhase;
			buildActionMask = 2147483647;
			files = (
			);
			inputFileListPaths = (
				"${PODS_ROOT}/Target Support Files/Pods-MusicApp/Pods-MusicApp-frameworks-${CONFIGURATION}-input-files.xcfilelist",
			);
			name = "[CP] Embed Pods Frameworks";
			outputFileListPaths = (
				"${PODS_ROOT}/Target Support Files/Pods-MusicApp/Pods-MusicApp-frameworks-${CONFIGURATION}-output-files.xcfilelist",
			);
			runOnlyForDeploymentPostprocessing = 0;
			shellPath = /bin/sh;
			shellScript = "\"${PODS_ROOT}/Target Support Files/Pods-MusicApp/Pods-MusicApp-frameworks.sh\"\n";
			showEnvVarsInLog = 0;
		};
		20AC1E54555230271302BE53 /* [CP] Check Pods Manifest.lock */ = {
			isa = PBXShellScriptBuildPhase;
			buildActionMask = 2147483647;
			files = (
			);
			inputFileListPaths = (
			);
			inputPaths = (
				"${PODS_PODFILE_DIR_PATH}/Podfile.lock",
				"${PODS_ROOT}/Manifest.lock",
			);
			name = "[CP] Check Pods Manifest.lock";
			outputFileListPaths = (
			);
			outputPaths = (
				"$(DERIVED_FILE_DIR)/Pods-MusicAppTests-checkManifestLockResult.txt",
			);
			runOnlyForDeploymentPostprocessing = 0;
			shellPath = /bin/sh;
			shellScript = "diff \"${PODS_PODFILE_DIR_PATH}/Podfile.lock\" \"${PODS_ROOT}/Manifest.lock\" > /dev/null\nif [ $? != 0 ] ; then\n    # print error to STDERR\n    echo \"error: The sandbox is not in sync with the Podfile.lock. Run 'pod install' or update your CocoaPods installation.\" >&2\n    exit 1\nfi\n# This output is used by Xcode 'outputs' to avoid re-running this script phase.\necho \"SUCCESS\" > \"${SCRIPT_OUTPUT_FILE_0}\"\n";
			showEnvVarsInLog = 0;
		};
		870CBFB8C494112D92511504 /* [CP] Embed Pods Frameworks */ = {
			isa = PBXShellScriptBuildPhase;
			buildActionMask = 2147483647;
			files = (
			);
			inputFileListPaths = (
				"${PODS_ROOT}/Target Support Files/Pods-MusicApp-MusicAppUITests/Pods-MusicApp-MusicAppUITests-frameworks-${CONFIGURATION}-input-files.xcfilelist",
			);
			name = "[CP] Embed Pods Frameworks";
			outputFileListPaths = (
				"${PODS_ROOT}/Target Support Files/Pods-MusicApp-MusicAppUITests/Pods-MusicApp-MusicAppUITests-frameworks-${CONFIGURATION}-output-files.xcfilelist",
			);
			runOnlyForDeploymentPostprocessing = 0;
			shellPath = /bin/sh;
			shellScript = "\"${PODS_ROOT}/Target Support Files/Pods-MusicApp-MusicAppUITests/Pods-MusicApp-MusicAppUITests-frameworks.sh\"\n";
			showEnvVarsInLog = 0;
		};
		B41C05DB4AF1FE75CCD00C1D /* [CP] Check Pods Manifest.lock */ = {
			isa = PBXShellScriptBuildPhase;
			buildActionMask = 2147483647;
			files = (
			);
			inputFileListPaths = (
			);
			inputPaths = (
				"${PODS_PODFILE_DIR_PATH}/Podfile.lock",
				"${PODS_ROOT}/Manifest.lock",
			);
			name = "[CP] Check Pods Manifest.lock";
			outputFileListPaths = (
			);
			outputPaths = (
				"$(DERIVED_FILE_DIR)/Pods-MusicApp-checkManifestLockResult.txt",
			);
			runOnlyForDeploymentPostprocessing = 0;
			shellPath = /bin/sh;
			shellScript = "diff \"${PODS_PODFILE_DIR_PATH}/Podfile.lock\" \"${PODS_ROOT}/Manifest.lock\" > /dev/null\nif [ $? != 0 ] ; then\n    # print error to STDERR\n    echo \"error: The sandbox is not in sync with the Podfile.lock. Run 'pod install' or update your CocoaPods installation.\" >&2\n    exit 1\nfi\n# This output is used by Xcode 'outputs' to avoid re-running this script phase.\necho \"SUCCESS\" > \"${SCRIPT_OUTPUT_FILE_0}\"\n";
			showEnvVarsInLog = 0;
		};
		CA5F0A61144BB5CA7D3ACB27 /* [CP] Check Pods Manifest.lock */ = {
			isa = PBXShellScriptBuildPhase;
			buildActionMask = 2147483647;
			files = (
			);
			inputFileListPaths = (
			);
			inputPaths = (
				"${PODS_PODFILE_DIR_PATH}/Podfile.lock",
				"${PODS_ROOT}/Manifest.lock",
			);
			name = "[CP] Check Pods Manifest.lock";
			outputFileListPaths = (
			);
			outputPaths = (
				"$(DERIVED_FILE_DIR)/Pods-MusicApp-MusicAppUITests-checkManifestLockResult.txt",
			);
			runOnlyForDeploymentPostprocessing = 0;
			shellPath = /bin/sh;
			shellScript = "diff \"${PODS_PODFILE_DIR_PATH}/Podfile.lock\" \"${PODS_ROOT}/Manifest.lock\" > /dev/null\nif [ $? != 0 ] ; then\n    # print error to STDERR\n    echo \"error: The sandbox is not in sync with the Podfile.lock. Run 'pod install' or update your CocoaPods installation.\" >&2\n    exit 1\nfi\n# This output is used by Xcode 'outputs' to avoid re-running this script phase.\necho \"SUCCESS\" > \"${SCRIPT_OUTPUT_FILE_0}\"\n";
			showEnvVarsInLog = 0;
		};
/* End PBXShellScriptBuildPhase section */

/* Begin PBXSourcesBuildPhase section */
		A3C06DE42617A64200F2BB2F /* Sources */ = {
			isa = PBXSourcesBuildPhase;
			buildActionMask = 2147483647;
			files = (
				A3C06E1A2617E4B100F2BB2F /* BlurEffect.swift in Sources */,
				A3C06E5B2618229B00F2BB2F /* Data.swift in Sources */,
				A3C06DEE2617A64200F2BB2F /* ContentView.swift in Sources */,
				A3C06DEC2617A64200F2BB2F /* MusicAppApp.swift in Sources */,
				A3C06E1F2617F67A00F2BB2F /* PlayerView.swift in Sources */,
			);
			runOnlyForDeploymentPostprocessing = 0;
		};
		A3C06DF52617A64700F2BB2F /* Sources */ = {
			isa = PBXSourcesBuildPhase;
			buildActionMask = 2147483647;
			files = (
				A3C06DFE2617A64700F2BB2F /* MusicAppTests.swift in Sources */,
			);
			runOnlyForDeploymentPostprocessing = 0;
		};
		A3C06E002617A64700F2BB2F /* Sources */ = {
			isa = PBXSourcesBuildPhase;
			buildActionMask = 2147483647;
			files = (
				A3C06E092617A64700F2BB2F /* MusicAppUITests.swift in Sources */,
			);
			runOnlyForDeploymentPostprocessing = 0;
		};
/* End PBXSourcesBuildPhase section */

/* Begin PBXTargetDependency section */
		A3C06DFB2617A64700F2BB2F /* PBXTargetDependency */ = {
			isa = PBXTargetDependency;
			target = A3C06DE72617A64200F2BB2F /* MusicApp */;
			targetProxy = A3C06DFA2617A64700F2BB2F /* PBXContainerItemProxy */;
		};
		A3C06E062617A64700F2BB2F /* PBXTargetDependency */ = {
			isa = PBXTargetDependency;
			target = A3C06DE72617A64200F2BB2F /* MusicApp */;
			targetProxy = A3C06E052617A64700F2BB2F /* PBXContainerItemProxy */;
		};
/* End PBXTargetDependency section */

/* Begin XCBuildConfiguration section */
		A3C06E0B2617A64700F2BB2F /* Debug */ = {
			isa = XCBuildConfiguration;
			buildSettings = {
				ALWAYS_SEARCH_USER_PATHS = NO;
				CLANG_ANALYZER_NONNULL = YES;
				CLANG_ANALYZER_NUMBER_OBJECT_CONVERSION = YES_AGGRESSIVE;
				CLANG_CXX_LANGUAGE_STANDARD = "gnu++14";
				CLANG_CXX_LIBRARY = "libc++";
				CLANG_ENABLE_MODULES = YES;
				CLANG_ENABLE_OBJC_ARC = YES;
				CLANG_ENABLE_OBJC_WEAK = YES;
				CLANG_WARN_BLOCK_CAPTURE_AUTORELEASING = YES;
				CLANG_WARN_BOOL_CONVERSION = YES;
				CLANG_WARN_COMMA = YES;
				CLANG_WARN_CONSTANT_CONVERSION = YES;
				CLANG_WARN_DEPRECATED_OBJC_IMPLEMENTATIONS = YES;
				CLANG_WARN_DIRECT_OBJC_ISA_USAGE = YES_ERROR;
				CLANG_WARN_DOCUMENTATION_COMMENTS = YES;
				CLANG_WARN_EMPTY_BODY = YES;
				CLANG_WARN_ENUM_CONVERSION = YES;
				CLANG_WARN_INFINITE_RECURSION = YES;
				CLANG_WARN_INT_CONVERSION = YES;
				CLANG_WARN_NON_LITERAL_NULL_CONVERSION = YES;
				CLANG_WARN_OBJC_IMPLICIT_RETAIN_SELF = YES;
				CLANG_WARN_OBJC_LITERAL_CONVERSION = YES;
				CLANG_WARN_OBJC_ROOT_CLASS = YES_ERROR;
				CLANG_WARN_QUOTED_INCLUDE_IN_FRAMEWORK_HEADER = YES;
				CLANG_WARN_RANGE_LOOP_ANALYSIS = YES;
				CLANG_WARN_STRICT_PROTOTYPES = YES;
				CLANG_WARN_SUSPICIOUS_MOVE = YES;
				CLANG_WARN_UNGUARDED_AVAILABILITY = YES_AGGRESSIVE;
				CLANG_WARN_UNREACHABLE_CODE = YES;
				CLANG_WARN__DUPLICATE_METHOD_MATCH = YES;
				COPY_PHASE_STRIP = NO;
				DEBUG_INFORMATION_FORMAT = dwarf;
				ENABLE_STRICT_OBJC_MSGSEND = YES;
				ENABLE_TESTABILITY = YES;
				GCC_C_LANGUAGE_STANDARD = gnu11;
				GCC_DYNAMIC_NO_PIC = NO;
				GCC_NO_COMMON_BLOCKS = YES;
				GCC_OPTIMIZATION_LEVEL = 0;
				GCC_PREPROCESSOR_DEFINITIONS = (
					"DEBUG=1",
					"$(inherited)",
				);
				GCC_WARN_64_TO_32_BIT_CONVERSION = YES;
				GCC_WARN_ABOUT_RETURN_TYPE = YES_ERROR;
				GCC_WARN_UNDECLARED_SELECTOR = YES;
				GCC_WARN_UNINITIALIZED_AUTOS = YES_AGGRESSIVE;
				GCC_WARN_UNUSED_FUNCTION = YES;
				GCC_WARN_UNUSED_VARIABLE = YES;
				IPHONEOS_DEPLOYMENT_TARGET = 14.4;
				MTL_ENABLE_DEBUG_INFO = INCLUDE_SOURCE;
				MTL_FAST_MATH = YES;
				ONLY_ACTIVE_ARCH = YES;
				SDKROOT = iphoneos;
				SWIFT_ACTIVE_COMPILATION_CONDITIONS = DEBUG;
				SWIFT_OPTIMIZATION_LEVEL = "-Onone";
			};
			name = Debug;
		};
		A3C06E0C2617A64700F2BB2F /* Release */ = {
			isa = XCBuildConfiguration;
			buildSettings = {
				ALWAYS_SEARCH_USER_PATHS = NO;
				CLANG_ANALYZER_NONNULL = YES;
				CLANG_ANALYZER_NUMBER_OBJECT_CONVERSION = YES_AGGRESSIVE;
				CLANG_CXX_LANGUAGE_STANDARD = "gnu++14";
				CLANG_CXX_LIBRARY = "libc++";
				CLANG_ENABLE_MODULES = YES;
				CLANG_ENABLE_OBJC_ARC = YES;
				CLANG_ENABLE_OBJC_WEAK = YES;
				CLANG_WARN_BLOCK_CAPTURE_AUTORELEASING = YES;
				CLANG_WARN_BOOL_CONVERSION = YES;
				CLANG_WARN_COMMA = YES;
				CLANG_WARN_CONSTANT_CONVERSION = YES;
				CLANG_WARN_DEPRECATED_OBJC_IMPLEMENTATIONS = YES;
				CLANG_WARN_DIRECT_OBJC_ISA_USAGE = YES_ERROR;
				CLANG_WARN_DOCUMENTATION_COMMENTS = YES;
				CLANG_WARN_EMPTY_BODY = YES;
				CLANG_WARN_ENUM_CONVERSION = YES;
				CLANG_WARN_INFINITE_RECURSION = YES;
				CLANG_WARN_INT_CONVERSION = YES;
				CLANG_WARN_NON_LITERAL_NULL_CONVERSION = YES;
				CLANG_WARN_OBJC_IMPLICIT_RETAIN_SELF = YES;
				CLANG_WARN_OBJC_LITERAL_CONVERSION = YES;
				CLANG_WARN_OBJC_ROOT_CLASS = YES_ERROR;
				CLANG_WARN_QUOTED_INCLUDE_IN_FRAMEWORK_HEADER = YES;
				CLANG_WARN_RANGE_LOOP_ANALYSIS = YES;
				CLANG_WARN_STRICT_PROTOTYPES = YES;
				CLANG_WARN_SUSPICIOUS_MOVE = YES;
				CLANG_WARN_UNGUARDED_AVAILABILITY = YES_AGGRESSIVE;
				CLANG_WARN_UNREACHABLE_CODE = YES;
				CLANG_WARN__DUPLICATE_METHOD_MATCH = YES;
				COPY_PHASE_STRIP = NO;
				DEBUG_INFORMATION_FORMAT = "dwarf-with-dsym";
				ENABLE_NS_ASSERTIONS = NO;
				ENABLE_STRICT_OBJC_MSGSEND = YES;
				GCC_C_LANGUAGE_STANDARD = gnu11;
				GCC_NO_COMMON_BLOCKS = YES;
				GCC_WARN_64_TO_32_BIT_CONVERSION = YES;
				GCC_WARN_ABOUT_RETURN_TYPE = YES_ERROR;
				GCC_WARN_UNDECLARED_SELECTOR = YES;
				GCC_WARN_UNINITIALIZED_AUTOS = YES_AGGRESSIVE;
				GCC_WARN_UNUSED_FUNCTION = YES;
				GCC_WARN_UNUSED_VARIABLE = YES;
				IPHONEOS_DEPLOYMENT_TARGET = 14.4;
				MTL_ENABLE_DEBUG_INFO = NO;
				MTL_FAST_MATH = YES;
				SDKROOT = iphoneos;
				SWIFT_COMPILATION_MODE = wholemodule;
				SWIFT_OPTIMIZATION_LEVEL = "-O";
				VALIDATE_PRODUCT = YES;
			};
			name = Release;
		};
		A3C06E0E2617A64700F2BB2F /* Debug */ = {
			isa = XCBuildConfiguration;
			baseConfigurationReference = 16CB4B65DD1B25C64394850A /* Pods-MusicApp.debug.xcconfig */;
			buildSettings = {
				ASSETCATALOG_COMPILER_APPICON_NAME = AppIcon;
				ASSETCATALOG_COMPILER_GLOBAL_ACCENT_COLOR_NAME = AccentColor;
				CODE_SIGN_STYLE = Automatic;
				DEVELOPMENT_ASSET_PATHS = "\"MusicApp/Preview Content\"";
				DEVELOPMENT_TEAM = 7QH25579P9;
				ENABLE_PREVIEWS = YES;
				INFOPLIST_FILE = MusicApp/Info.plist;
				IPHONEOS_DEPLOYMENT_TARGET = 14.0;
				LD_RUNPATH_SEARCH_PATHS = (
					"$(inherited)",
					"@executable_path/Frameworks",
				);
				PRODUCT_BUNDLE_IDENTIFIER = com.learnappmaking.MusicApp;
				PRODUCT_NAME = "$(TARGET_NAME)";
				SWIFT_VERSION = 5.0;
				TARGETED_DEVICE_FAMILY = "1,2";
			};
			name = Debug;
		};
		A3C06E0F2617A64700F2BB2F /* Release */ = {
			isa = XCBuildConfiguration;
			baseConfigurationReference = 5C19E87FBBB769993C6E8217 /* Pods-MusicApp.release.xcconfig */;
			buildSettings = {
				ASSETCATALOG_COMPILER_APPICON_NAME = AppIcon;
				ASSETCATALOG_COMPILER_GLOBAL_ACCENT_COLOR_NAME = AccentColor;
				CODE_SIGN_STYLE = Automatic;
				DEVELOPMENT_ASSET_PATHS = "\"MusicApp/Preview Content\"";
				DEVELOPMENT_TEAM = 7QH25579P9;
				ENABLE_PREVIEWS = YES;
				INFOPLIST_FILE = MusicApp/Info.plist;
				IPHONEOS_DEPLOYMENT_TARGET = 14.0;
				LD_RUNPATH_SEARCH_PATHS = (
					"$(inherited)",
					"@executable_path/Frameworks",
				);
				PRODUCT_BUNDLE_IDENTIFIER = com.learnappmaking.MusicApp;
				PRODUCT_NAME = "$(TARGET_NAME)";
				SWIFT_VERSION = 5.0;
				TARGETED_DEVICE_FAMILY = "1,2";
			};
			name = Release;
		};
		A3C06E112617A64700F2BB2F /* Debug */ = {
			isa = XCBuildConfiguration;
			baseConfigurationReference = F962E51320EBF3B6505ABA1B /* Pods-MusicAppTests.debug.xcconfig */;
			buildSettings = {
				ALWAYS_EMBED_SWIFT_STANDARD_LIBRARIES = YES;
				BUNDLE_LOADER = "$(TEST_HOST)";
				CODE_SIGN_STYLE = Automatic;
				DEVELOPMENT_TEAM = 7QH25579P9;
				INFOPLIST_FILE = MusicAppTests/Info.plist;
				IPHONEOS_DEPLOYMENT_TARGET = 14.0;
				LD_RUNPATH_SEARCH_PATHS = (
					"$(inherited)",
					"@executable_path/Frameworks",
					"@loader_path/Frameworks",
				);
				PRODUCT_BUNDLE_IDENTIFIER = com.learnappmaking.MusicAppTests;
				PRODUCT_NAME = "$(TARGET_NAME)";
				SWIFT_VERSION = 5.0;
				TARGETED_DEVICE_FAMILY = "1,2";
				TEST_HOST = "$(BUILT_PRODUCTS_DIR)/MusicApp.app/MusicApp";
			};
			name = Debug;
		};
		A3C06E122617A64700F2BB2F /* Release */ = {
			isa = XCBuildConfiguration;
			baseConfigurationReference = 1CDBE92DE4A0B6B89C51E508 /* Pods-MusicAppTests.release.xcconfig */;
			buildSettings = {
				ALWAYS_EMBED_SWIFT_STANDARD_LIBRARIES = YES;
				BUNDLE_LOADER = "$(TEST_HOST)";
				CODE_SIGN_STYLE = Automatic;
				DEVELOPMENT_TEAM = 7QH25579P9;
				INFOPLIST_FILE = MusicAppTests/Info.plist;
				IPHONEOS_DEPLOYMENT_TARGET = 14.0;
				LD_RUNPATH_SEARCH_PATHS = (
					"$(inherited)",
					"@executable_path/Frameworks",
					"@loader_path/Frameworks",
				);
				PRODUCT_BUNDLE_IDENTIFIER = com.learnappmaking.MusicAppTests;
				PRODUCT_NAME = "$(TARGET_NAME)";
				SWIFT_VERSION = 5.0;
				TARGETED_DEVICE_FAMILY = "1,2";
				TEST_HOST = "$(BUILT_PRODUCTS_DIR)/MusicApp.app/MusicApp";
			};
			name = Release;
		};
		A3C06E142617A64700F2BB2F /* Debug */ = {
			isa = XCBuildConfiguration;
			baseConfigurationReference = FC54DD56D7AA77383068271F /* Pods-MusicApp-MusicAppUITests.debug.xcconfig */;
			buildSettings = {
				ALWAYS_EMBED_SWIFT_STANDARD_LIBRARIES = YES;
				CODE_SIGN_STYLE = Automatic;
				DEVELOPMENT_TEAM = 7QH25579P9;
				INFOPLIST_FILE = MusicAppUITests/Info.plist;
				LD_RUNPATH_SEARCH_PATHS = (
					"$(inherited)",
					"@executable_path/Frameworks",
					"@loader_path/Frameworks",
				);
				PRODUCT_BUNDLE_IDENTIFIER = com.learnappmaking.MusicAppUITests;
				PRODUCT_NAME = "$(TARGET_NAME)";
				SWIFT_VERSION = 5.0;
				TARGETED_DEVICE_FAMILY = "1,2";
				TEST_TARGET_NAME = MusicApp;
			};
			name = Debug;
		};
		A3C06E152617A64700F2BB2F /* Release */ = {
			isa = XCBuildConfiguration;
			baseConfigurationReference = 2A6614CC50E7E1E3239D6E5B /* Pods-MusicApp-MusicAppUITests.release.xcconfig */;
			buildSettings = {
				ALWAYS_EMBED_SWIFT_STANDARD_LIBRARIES = YES;
				CODE_SIGN_STYLE = Automatic;
				DEVELOPMENT_TEAM = 7QH25579P9;
				INFOPLIST_FILE = MusicAppUITests/Info.plist;
				LD_RUNPATH_SEARCH_PATHS = (
					"$(inherited)",
					"@executable_path/Frameworks",
					"@loader_path/Frameworks",
				);
				PRODUCT_BUNDLE_IDENTIFIER = com.learnappmaking.MusicAppUITests;
				PRODUCT_NAME = "$(TARGET_NAME)";
				SWIFT_VERSION = 5.0;
				TARGETED_DEVICE_FAMILY = "1,2";
				TEST_TARGET_NAME = MusicApp;
			};
			name = Release;
		};
/* End XCBuildConfiguration section */

/* Begin XCConfigurationList section */
		A3C06DE32617A64200F2BB2F /* Build configuration list for PBXProject "MusicApp" */ = {
			isa = XCConfigurationList;
			buildConfigurations = (
				A3C06E0B2617A64700F2BB2F /* Debug */,
				A3C06E0C2617A64700F2BB2F /* Release */,
			);
			defaultConfigurationIsVisible = 0;
			defaultConfigurationName = Release;
		};
		A3C06E0D2617A64700F2BB2F /* Build configuration list for PBXNativeTarget "MusicApp" */ = {
			isa = XCConfigurationList;
			buildConfigurations = (
				A3C06E0E2617A64700F2BB2F /* Debug */,
				A3C06E0F2617A64700F2BB2F /* Release */,
			);
			defaultConfigurationIsVisible = 0;
			defaultConfigurationName = Release;
		};
		A3C06E102617A64700F2BB2F /* Build configuration list for PBXNativeTarget "MusicAppTests" */ = {
			isa = XCConfigurationList;
			buildConfigurations = (
				A3C06E112617A64700F2BB2F /* Debug */,
				A3C06E122617A64700F2BB2F /* Release */,
			);
			defaultConfigurationIsVisible = 0;
			defaultConfigurationName = Release;
		};
		A3C06E132617A64700F2BB2F /* Build configuration list for PBXNativeTarget "MusicAppUITests" */ = {
			isa = XCConfigurationList;
			buildConfigurations = (
				A3C06E142617A64700F2BB2F /* Debug */,
				A3C06E152617A64700F2BB2F /* Release */,
			);
			defaultConfigurationIsVisible = 0;
			defaultConfigurationName = Release;
		};
/* End XCConfigurationList section */
	};
	rootObject = A3C06DE02617A64200F2BB2F /* Project object */;
}
